// !$*UTF8*$!
{
	archiveVersion = 1;
	classes = {
	};
	objectVersion = 54;
	objects = {

/* Begin PBXBuildFile section */
		1CC097942D7546CE00AA3E29 /* Tests_iOS.swift in Sources */ = {isa = PBXBuildFile; fileRef = 1CC097932D7546CE00AA3E29 /* Tests_iOS.swift */; };
		1CC0979F2D7546CE00AA3E29 /* Tests_macOS.swift in Sources */ = {isa = PBXBuildFile; fileRef = 1CC0979E2D7546CE00AA3E29 /* Tests_macOS.swift */; };
		1CC097A12D7546CE00AA3E29 /* IOSApp.swift in Sources */ = {isa = PBXBuildFile; fileRef = 1CC097782D7546CD00AA3E29 /* IOSApp.swift */; };
		1CC097A22D7546CE00AA3E29 /* IOSApp.swift in Sources */ = {isa = PBXBuildFile; fileRef = 1CC097782D7546CD00AA3E29 /* IOSApp.swift */; };
		1CC097A32D7546CE00AA3E29 /* ContentView.swift in Sources */ = {isa = PBXBuildFile; fileRef = 1CC097792D7546CD00AA3E29 /* ContentView.swift */; };
		1CC097A42D7546CE00AA3E29 /* ContentView.swift in Sources */ = {isa = PBXBuildFile; fileRef = 1CC097792D7546CD00AA3E29 /* ContentView.swift */; };
		1CC097A52D7546CE00AA3E29 /* Assets.xcassets in Resources */ = {isa = PBXBuildFile; fileRef = 1CC0977A2D7546CE00AA3E29 /* Assets.xcassets */; };
		1CC097A62D7546CE00AA3E29 /* Assets.xcassets in Resources */ = {isa = PBXBuildFile; fileRef = 1CC0977A2D7546CE00AA3E29 /* Assets.xcassets */; };
		1CC097C22D754CC000AA3E29 /* HomeView.swift in Sources */ = {isa = PBXBuildFile; fileRef = 1CC097C12D754CC000AA3E29 /* HomeView.swift */; };
		1CC097C32D754CC000AA3E29 /* HomeView.swift in Sources */ = {isa = PBXBuildFile; fileRef = 1CC097C12D754CC000AA3E29 /* HomeView.swift */; };
/* End PBXBuildFile section */

/* Begin PBXContainerItemProxy section */
		1CC097902D7546CE00AA3E29 /* PBXContainerItemProxy */ = {
			isa = PBXContainerItemProxy;
			containerPortal = 1CC097732D7546CD00AA3E29 /* Project object */;
			proxyType = 1;
			remoteGlobalIDString = 1CC0977E2D7546CE00AA3E29;
			remoteInfo = "IOS (iOS)";
		};
		1CC0979B2D7546CE00AA3E29 /* PBXContainerItemProxy */ = {
			isa = PBXContainerItemProxy;
			containerPortal = 1CC097732D7546CD00AA3E29 /* Project object */;
			proxyType = 1;
			remoteGlobalIDString = 1CC097862D7546CE00AA3E29;
			remoteInfo = "IOS (macOS)";
		};
/* End PBXContainerItemProxy section */

/* Begin PBXFileReference section */
		1CC097782D7546CD00AA3E29 /* IOSApp.swift */ = {isa = PBXFileReference; lastKnownFileType = sourcecode.swift; path = IOSApp.swift; sourceTree = "<group>"; };
		1CC097792D7546CD00AA3E29 /* ContentView.swift */ = {isa = PBXFileReference; lastKnownFileType = sourcecode.swift; path = ContentView.swift; sourceTree = "<group>"; };
		1CC0977A2D7546CE00AA3E29 /* Assets.xcassets */ = {isa = PBXFileReference; lastKnownFileType = folder.assetcatalog; path = Assets.xcassets; sourceTree = "<group>"; };
		1CC0977F2D7546CE00AA3E29 /* IOS.app */ = {isa = PBXFileReference; explicitFileType = wrapper.application; includeInIndex = 0; path = IOS.app; sourceTree = BUILT_PRODUCTS_DIR; };
		1CC097822D7546CE00AA3E29 /* Info.plist */ = {isa = PBXFileReference; lastKnownFileType = text.plist.xml; path = Info.plist; sourceTree = "<group>"; };
		1CC097872D7546CE00AA3E29 /* IOS.app */ = {isa = PBXFileReference; explicitFileType = wrapper.application; includeInIndex = 0; path = IOS.app; sourceTree = BUILT_PRODUCTS_DIR; };
		1CC097892D7546CE00AA3E29 /* Info.plist */ = {isa = PBXFileReference; lastKnownFileType = text.plist.xml; path = Info.plist; sourceTree = "<group>"; };
		1CC0978A2D7546CE00AA3E29 /* macOS.entitlements */ = {isa = PBXFileReference; lastKnownFileType = text.plist.entitlements; path = macOS.entitlements; sourceTree = "<group>"; };
		1CC0978F2D7546CE00AA3E29 /* Tests iOS.xctest */ = {isa = PBXFileReference; explicitFileType = wrapper.cfbundle; includeInIndex = 0; path = "Tests iOS.xctest"; sourceTree = BUILT_PRODUCTS_DIR; };
		1CC097932D7546CE00AA3E29 /* Tests_iOS.swift */ = {isa = PBXFileReference; lastKnownFileType = sourcecode.swift; path = Tests_iOS.swift; sourceTree = "<group>"; };
		1CC097952D7546CE00AA3E29 /* Info.plist */ = {isa = PBXFileReference; lastKnownFileType = text.plist.xml; path = Info.plist; sourceTree = "<group>"; };
		1CC0979A2D7546CE00AA3E29 /* Tests macOS.xctest */ = {isa = PBXFileReference; explicitFileType = wrapper.cfbundle; includeInIndex = 0; path = "Tests macOS.xctest"; sourceTree = BUILT_PRODUCTS_DIR; };
		1CC0979E2D7546CE00AA3E29 /* Tests_macOS.swift */ = {isa = PBXFileReference; lastKnownFileType = sourcecode.swift; path = Tests_macOS.swift; sourceTree = "<group>"; };
		1CC097A02D7546CE00AA3E29 /* Info.plist */ = {isa = PBXFileReference; lastKnownFileType = text.plist.xml; path = Info.plist; sourceTree = "<group>"; };
		1CC097C12D754CC000AA3E29 /* HomeView.swift */ = {isa = PBXFileReference; lastKnownFileType = sourcecode.swift; path = HomeView.swift; sourceTree = "<group>"; };
/* End PBXFileReference section */

/* Begin PBXFrameworksBuildPhase section */
		1CC0977C2D7546CE00AA3E29 /* Frameworks */ = {
			isa = PBXFrameworksBuildPhase;
			buildActionMask = 2147483647;
			files = (
			);
			runOnlyForDeploymentPostprocessing = 0;
		};
		1CC097842D7546CE00AA3E29 /* Frameworks */ = {
			isa = PBXFrameworksBuildPhase;
			buildActionMask = 2147483647;
			files = (
			);
			runOnlyForDeploymentPostprocessing = 0;
		};
		1CC0978C2D7546CE00AA3E29 /* Frameworks */ = {
			isa = PBXFrameworksBuildPhase;
			buildActionMask = 2147483647;
			files = (
			);
			runOnlyForDeploymentPostprocessing = 0;
		};
		1CC097972D7546CE00AA3E29 /* Frameworks */ = {
			isa = PBXFrameworksBuildPhase;
			buildActionMask = 2147483647;
			files = (
			);
			runOnlyForDeploymentPostprocessing = 0;
		};
/* End PBXFrameworksBuildPhase section */

/* Begin PBXGroup section */
		1CC097722D7546CD00AA3E29 = {
			isa = PBXGroup;
			children = (
				1CC097772D7546CD00AA3E29 /* Shared */,
				1CC097812D7546CE00AA3E29 /* iOS */,
				1CC097882D7546CE00AA3E29 /* macOS */,
				1CC097922D7546CE00AA3E29 /* Tests iOS */,
				1CC0979D2D7546CE00AA3E29 /* Tests macOS */,
				1CC097802D7546CE00AA3E29 /* Products */,
			);
			sourceTree = "<group>";
		};
		1CC097772D7546CD00AA3E29 /* Shared */ = {
			isa = PBXGroup;
			children = (
				1CC097BC2D754C1F00AA3E29 /* Network */,
				1CC097BB2D754C1000AA3E29 /* Models */,
				1CC097BA2D754C0000AA3E29 /* Components */,
				1CC097B92D754BF200AA3E29 /* Views */,
				1CC097782D7546CD00AA3E29 /* IOSApp.swift */,
				1CC0977A2D7546CE00AA3E29 /* Assets.xcassets */,
			);
			path = Shared;
			sourceTree = "<group>";
		};
		1CC097802D7546CE00AA3E29 /* Products */ = {
			isa = PBXGroup;
			children = (
				1CC0977F2D7546CE00AA3E29 /* IOS.app */,
				1CC097872D7546CE00AA3E29 /* IOS.app */,
				1CC0978F2D7546CE00AA3E29 /* Tests iOS.xctest */,
				1CC0979A2D7546CE00AA3E29 /* Tests macOS.xctest */,
			);
			name = Products;
			sourceTree = "<group>";
		};
		1CC097812D7546CE00AA3E29 /* iOS */ = {
			isa = PBXGroup;
			children = (
				1CC097822D7546CE00AA3E29 /* Info.plist */,
			);
			path = iOS;
			sourceTree = "<group>";
		};
		1CC097882D7546CE00AA3E29 /* macOS */ = {
			isa = PBXGroup;
			children = (
				1CC097892D7546CE00AA3E29 /* Info.plist */,
				1CC0978A2D7546CE00AA3E29 /* macOS.entitlements */,
			);
			path = macOS;
			sourceTree = "<group>";
		};
		1CC097922D7546CE00AA3E29 /* Tests iOS */ = {
			isa = PBXGroup;
			children = (
				1CC097932D7546CE00AA3E29 /* Tests_iOS.swift */,
				1CC097952D7546CE00AA3E29 /* Info.plist */,
			);
			path = "Tests iOS";
			sourceTree = "<group>";
		};
		1CC0979D2D7546CE00AA3E29 /* Tests macOS */ = {
			isa = PBXGroup;
			children = (
				1CC0979E2D7546CE00AA3E29 /* Tests_macOS.swift */,
				1CC097A02D7546CE00AA3E29 /* Info.plist */,
			);
			path = "Tests macOS";
			sourceTree = "<group>";
		};
		1CC097B92D754BF200AA3E29 /* Views */ = {
			isa = PBXGroup;
			children = (
				1CC097792D7546CD00AA3E29 /* ContentView.swift */,
				1CC097C12D754CC000AA3E29 /* HomeView.swift */,
			);
			path = Views;
			sourceTree = "<group>";
		};
		1CC097BA2D754C0000AA3E29 /* Components */ = {
			isa = PBXGroup;
			children = (
			);
			path = Components;
			sourceTree = "<group>";
		};
		1CC097BB2D754C1000AA3E29 /* Models */ = {
			isa = PBXGroup;
			children = (
			);
			path = Models;
			sourceTree = "<group>";
		};
		1CC097BC2D754C1F00AA3E29 /* Network */ = {
			isa = PBXGroup;
			children = (
			);
			path = Network;
			sourceTree = "<group>";
		};
/* End PBXGroup section */

/* Begin PBXNativeTarget section */
		1CC0977E2D7546CE00AA3E29 /* IOS (iOS) */ = {
			isa = PBXNativeTarget;
			buildConfigurationList = 1CC097A92D7546CE00AA3E29 /* Build configuration list for PBXNativeTarget "IOS (iOS)" */;
			buildPhases = (
				1CC0977B2D7546CE00AA3E29 /* Sources */,
				1CC0977C2D7546CE00AA3E29 /* Frameworks */,
				1CC0977D2D7546CE00AA3E29 /* Resources */,
			);
			buildRules = (
			);
			dependencies = (
			);
			name = "IOS (iOS)";
			productName = "IOS (iOS)";
			productReference = 1CC0977F2D7546CE00AA3E29 /* IOS.app */;
			productType = "com.apple.product-type.application";
		};
		1CC097862D7546CE00AA3E29 /* IOS (macOS) */ = {
			isa = PBXNativeTarget;
			buildConfigurationList = 1CC097AC2D7546CE00AA3E29 /* Build configuration list for PBXNativeTarget "IOS (macOS)" */;
			buildPhases = (
				1CC097832D7546CE00AA3E29 /* Sources */,
				1CC097842D7546CE00AA3E29 /* Frameworks */,
				1CC097852D7546CE00AA3E29 /* Resources */,
			);
			buildRules = (
			);
			dependencies = (
			);
			name = "IOS (macOS)";
			productName = "IOS (macOS)";
			productReference = 1CC097872D7546CE00AA3E29 /* IOS.app */;
			productType = "com.apple.product-type.application";
		};
		1CC0978E2D7546CE00AA3E29 /* Tests iOS */ = {
			isa = PBXNativeTarget;
			buildConfigurationList = 1CC097AF2D7546CE00AA3E29 /* Build configuration list for PBXNativeTarget "Tests iOS" */;
			buildPhases = (
				1CC0978B2D7546CE00AA3E29 /* Sources */,
				1CC0978C2D7546CE00AA3E29 /* Frameworks */,
				1CC0978D2D7546CE00AA3E29 /* Resources */,
			);
			buildRules = (
			);
			dependencies = (
				1CC097912D7546CE00AA3E29 /* PBXTargetDependency */,
			);
			name = "Tests iOS";
			productName = "Tests iOS";
			productReference = 1CC0978F2D7546CE00AA3E29 /* Tests iOS.xctest */;
			productType = "com.apple.product-type.bundle.ui-testing";
		};
		1CC097992D7546CE00AA3E29 /* Tests macOS */ = {
			isa = PBXNativeTarget;
			buildConfigurationList = 1CC097B22D7546CE00AA3E29 /* Build configuration list for PBXNativeTarget "Tests macOS" */;
			buildPhases = (
				1CC097962D7546CE00AA3E29 /* Sources */,
				1CC097972D7546CE00AA3E29 /* Frameworks */,
				1CC097982D7546CE00AA3E29 /* Resources */,
			);
			buildRules = (
			);
			dependencies = (
				1CC0979C2D7546CE00AA3E29 /* PBXTargetDependency */,
			);
			name = "Tests macOS";
			productName = "Tests macOS";
			productReference = 1CC0979A2D7546CE00AA3E29 /* Tests macOS.xctest */;
			productType = "com.apple.product-type.bundle.ui-testing";
		};
/* End PBXNativeTarget section */

/* Begin PBXProject section */
		1CC097732D7546CD00AA3E29 /* Project object */ = {
			isa = PBXProject;
			attributes = {
				LastSwiftUpdateCheck = 1240;
				LastUpgradeCheck = 1240;
				TargetAttributes = {
					1CC0977E2D7546CE00AA3E29 = {
						CreatedOnToolsVersion = 12.4;
					};
					1CC097862D7546CE00AA3E29 = {
						CreatedOnToolsVersion = 12.4;
					};
					1CC0978E2D7546CE00AA3E29 = {
						CreatedOnToolsVersion = 12.4;
						TestTargetID = 1CC0977E2D7546CE00AA3E29;
					};
					1CC097992D7546CE00AA3E29 = {
						CreatedOnToolsVersion = 12.4;
						TestTargetID = 1CC097862D7546CE00AA3E29;
					};
				};
			};
			buildConfigurationList = 1CC097762D7546CD00AA3E29 /* Build configuration list for PBXProject "IOS" */;
			compatibilityVersion = "Xcode 12.0";
			developmentRegion = en;
			hasScannedForEncodings = 0;
			knownRegions = (
				en,
				Base,
			);
			mainGroup = 1CC097722D7546CD00AA3E29;
			productRefGroup = 1CC097802D7546CE00AA3E29 /* Products */;
			projectDirPath = "";
			projectRoot = "";
			targets = (
				1CC0977E2D7546CE00AA3E29 /* IOS (iOS) */,
				1CC097862D7546CE00AA3E29 /* IOS (macOS) */,
				1CC0978E2D7546CE00AA3E29 /* Tests iOS */,
				1CC097992D7546CE00AA3E29 /* Tests macOS */,
			);
		};
/* End PBXProject section */

/* Begin PBXResourcesBuildPhase section */
		1CC0977D2D7546CE00AA3E29 /* Resources */ = {
			isa = PBXResourcesBuildPhase;
			buildActionMask = 2147483647;
			files = (
				1CC097A52D7546CE00AA3E29 /* Assets.xcassets in Resources */,
			);
			runOnlyForDeploymentPostprocessing = 0;
		};
		1CC097852D7546CE00AA3E29 /* Resources */ = {
			isa = PBXResourcesBuildPhase;
			buildActionMask = 2147483647;
			files = (
				1CC097A62D7546CE00AA3E29 /* Assets.xcassets in Resources */,
			);
			runOnlyForDeploymentPostprocessing = 0;
		};
		1CC0978D2D7546CE00AA3E29 /* Resources */ = {
			isa = PBXResourcesBuildPhase;
			buildActionMask = 2147483647;
			files = (
			);
			runOnlyForDeploymentPostprocessing = 0;
		};
		1CC097982D7546CE00AA3E29 /* Resources */ = {
			isa = PBXResourcesBuildPhase;
			buildActionMask = 2147483647;
			files = (
			);
			runOnlyForDeploymentPostprocessing = 0;
		};
/* End PBXResourcesBuildPhase section */

/* Begin PBXSourcesBuildPhase section */
		1CC0977B2D7546CE00AA3E29 /* Sources */ = {
			isa = PBXSourcesBuildPhase;
			buildActionMask = 2147483647;
			files = (
				1CC097C22D754CC000AA3E29 /* HomeView.swift in Sources */,
				1CC097A32D7546CE00AA3E29 /* ContentView.swift in Sources */,
				1CC097A12D7546CE00AA3E29 /* IOSApp.swift in Sources */,
			);
			runOnlyForDeploymentPostprocessing = 0;
		};
		1CC097832D7546CE00AA3E29 /* Sources */ = {
			isa = PBXSourcesBuildPhase;
			buildActionMask = 2147483647;
			files = (
				1CC097C32D754CC000AA3E29 /* HomeView.swift in Sources */,
				1CC097A42D7546CE00AA3E29 /* ContentView.swift in Sources */,
				1CC097A22D7546CE00AA3E29 /* IOSApp.swift in Sources */,
			);
			runOnlyForDeploymentPostprocessing = 0;
		};
		1CC0978B2D7546CE00AA3E29 /* Sources */ = {
			isa = PBXSourcesBuildPhase;
			buildActionMask = 2147483647;
			files = (
				1CC097942D7546CE00AA3E29 /* Tests_iOS.swift in Sources */,
			);
			runOnlyForDeploymentPostprocessing = 0;
		};
		1CC097962D7546CE00AA3E29 /* Sources */ = {
			isa = PBXSourcesBuildPhase;
			buildActionMask = 2147483647;
			files = (
				1CC0979F2D7546CE00AA3E29 /* Tests_macOS.swift in Sources */,
			);
			runOnlyForDeploymentPostprocessing = 0;
		};
/* End PBXSourcesBuildPhase section */

/* Begin PBXTargetDependency section */
		1CC097912D7546CE00AA3E29 /* PBXTargetDependency */ = {
			isa = PBXTargetDependency;
			target = 1CC0977E2D7546CE00AA3E29 /* IOS (iOS) */;
			targetProxy = 1CC097902D7546CE00AA3E29 /* PBXContainerItemProxy */;
		};
		1CC0979C2D7546CE00AA3E29 /* PBXTargetDependency */ = {
			isa = PBXTargetDependency;
			target = 1CC097862D7546CE00AA3E29 /* IOS (macOS) */;
			targetProxy = 1CC0979B2D7546CE00AA3E29 /* PBXContainerItemProxy */;
		};
/* End PBXTargetDependency section */

/* Begin XCBuildConfiguration section */
		1CC097A72D7546CE00AA3E29 /* Debug */ = {
			isa = XCBuildConfiguration;
			buildSettings = {
				ALWAYS_SEARCH_USER_PATHS = NO;
				CLANG_ANALYZER_NONNULL = YES;
				CLANG_ANALYZER_NUMBER_OBJECT_CONVERSION = YES_AGGRESSIVE;
				CLANG_CXX_LANGUAGE_STANDARD = "gnu++14";
				CLANG_CXX_LIBRARY = "libc++";
				CLANG_ENABLE_MODULES = YES;
				CLANG_ENABLE_OBJC_ARC = YES;
				CLANG_ENABLE_OBJC_WEAK = YES;
				CLANG_WARN_BLOCK_CAPTURE_AUTORELEASING = YES;
				CLANG_WARN_BOOL_CONVERSION = YES;
				CLANG_WARN_COMMA = YES;
				CLANG_WARN_CONSTANT_CONVERSION = YES;
				CLANG_WARN_DEPRECATED_OBJC_IMPLEMENTATIONS = YES;
				CLANG_WARN_DIRECT_OBJC_ISA_USAGE = YES_ERROR;
				CLANG_WARN_DOCUMENTATION_COMMENTS = YES;
				CLANG_WARN_EMPTY_BODY = YES;
				CLANG_WARN_ENUM_CONVERSION = YES;
				CLANG_WARN_INFINITE_RECURSION = YES;
				CLANG_WARN_INT_CONVERSION = YES;
				CLANG_WARN_NON_LITERAL_NULL_CONVERSION = YES;
				CLANG_WARN_OBJC_IMPLICIT_RETAIN_SELF = YES;
				CLANG_WARN_OBJC_LITERAL_CONVERSION = YES;
				CLANG_WARN_OBJC_ROOT_CLASS = YES_ERROR;
				CLANG_WARN_QUOTED_INCLUDE_IN_FRAMEWORK_HEADER = YES;
				CLANG_WARN_RANGE_LOOP_ANALYSIS = YES;
				CLANG_WARN_STRICT_PROTOTYPES = YES;
				CLANG_WARN_SUSPICIOUS_MOVE = YES;
				CLANG_WARN_UNGUARDED_AVAILABILITY = YES_AGGRESSIVE;
				CLANG_WARN_UNREACHABLE_CODE = YES;
				CLANG_WARN__DUPLICATE_METHOD_MATCH = YES;
				COPY_PHASE_STRIP = NO;
				DEBUG_INFORMATION_FORMAT = dwarf;
				ENABLE_STRICT_OBJC_MSGSEND = YES;
				ENABLE_TESTABILITY = YES;
				GCC_C_LANGUAGE_STANDARD = gnu11;
				GCC_DYNAMIC_NO_PIC = NO;
				GCC_NO_COMMON_BLOCKS = YES;
				GCC_OPTIMIZATION_LEVEL = 0;
				GCC_PREPROCESSOR_DEFINITIONS = (
					"DEBUG=1",
					"$(inherited)",
				);
				GCC_WARN_64_TO_32_BIT_CONVERSION = YES;
				GCC_WARN_ABOUT_RETURN_TYPE = YES_ERROR;
				GCC_WARN_UNDECLARED_SELECTOR = YES;
				GCC_WARN_UNINITIALIZED_AUTOS = YES_AGGRESSIVE;
				GCC_WARN_UNUSED_FUNCTION = YES;
				GCC_WARN_UNUSED_VARIABLE = YES;
				MTL_ENABLE_DEBUG_INFO = INCLUDE_SOURCE;
				MTL_FAST_MATH = YES;
				ONLY_ACTIVE_ARCH = YES;
				SWIFT_ACTIVE_COMPILATION_CONDITIONS = DEBUG;
				SWIFT_OPTIMIZATION_LEVEL = "-Onone";
			};
			name = Debug;
		};
		1CC097A82D7546CE00AA3E29 /* Release */ = {
			isa = XCBuildConfiguration;
			buildSettings = {
				ALWAYS_SEARCH_USER_PATHS = NO;
				CLANG_ANALYZER_NONNULL = YES;
				CLANG_ANALYZER_NUMBER_OBJECT_CONVERSION = YES_AGGRESSIVE;
				CLANG_CXX_LANGUAGE_STANDARD = "gnu++14";
				CLANG_CXX_LIBRARY = "libc++";
				CLANG_ENABLE_MODULES = YES;
				CLANG_ENABLE_OBJC_ARC = YES;
				CLANG_ENABLE_OBJC_WEAK = YES;
				CLANG_WARN_BLOCK_CAPTURE_AUTORELEASING = YES;
				CLANG_WARN_BOOL_CONVERSION = YES;
				CLANG_WARN_COMMA = YES;
				CLANG_WARN_CONSTANT_CONVERSION = YES;
				CLANG_WARN_DEPRECATED_OBJC_IMPLEMENTATIONS = YES;
				CLANG_WARN_DIRECT_OBJC_ISA_USAGE = YES_ERROR;
				CLANG_WARN_DOCUMENTATION_COMMENTS = YES;
				CLANG_WARN_EMPTY_BODY = YES;
				CLANG_WARN_ENUM_CONVERSION = YES;
				CLANG_WARN_INFINITE_RECURSION = YES;
				CLANG_WARN_INT_CONVERSION = YES;
				CLANG_WARN_NON_LITERAL_NULL_CONVERSION = YES;
				CLANG_WARN_OBJC_IMPLICIT_RETAIN_SELF = YES;
				CLANG_WARN_OBJC_LITERAL_CONVERSION = YES;
				CLANG_WARN_OBJC_ROOT_CLASS = YES_ERROR;
				CLANG_WARN_QUOTED_INCLUDE_IN_FRAMEWORK_HEADER = YES;
				CLANG_WARN_RANGE_LOOP_ANALYSIS = YES;
				CLANG_WARN_STRICT_PROTOTYPES = YES;
				CLANG_WARN_SUSPICIOUS_MOVE = YES;
				CLANG_WARN_UNGUARDED_AVAILABILITY = YES_AGGRESSIVE;
				CLANG_WARN_UNREACHABLE_CODE = YES;
				CLANG_WARN__DUPLICATE_METHOD_MATCH = YES;
				COPY_PHASE_STRIP = NO;
				DEBUG_INFORMATION_FORMAT = "dwarf-with-dsym";
				ENABLE_NS_ASSERTIONS = NO;
				ENABLE_STRICT_OBJC_MSGSEND = YES;
				GCC_C_LANGUAGE_STANDARD = gnu11;
				GCC_NO_COMMON_BLOCKS = YES;
				GCC_WARN_64_TO_32_BIT_CONVERSION = YES;
				GCC_WARN_ABOUT_RETURN_TYPE = YES_ERROR;
				GCC_WARN_UNDECLARED_SELECTOR = YES;
				GCC_WARN_UNINITIALIZED_AUTOS = YES_AGGRESSIVE;
				GCC_WARN_UNUSED_FUNCTION = YES;
				GCC_WARN_UNUSED_VARIABLE = YES;
				MTL_ENABLE_DEBUG_INFO = NO;
				MTL_FAST_MATH = YES;
				SWIFT_COMPILATION_MODE = wholemodule;
				SWIFT_OPTIMIZATION_LEVEL = "-O";
			};
			name = Release;
		};
		1CC097AA2D7546CE00AA3E29 /* Debug */ = {
			isa = XCBuildConfiguration;
			buildSettings = {
				ASSETCATALOG_COMPILER_APPICON_NAME = AppIcon;
				ASSETCATALOG_COMPILER_GLOBAL_ACCENT_COLOR_NAME = AccentColor;
				CODE_SIGN_STYLE = Automatic;
				DEVELOPMENT_TEAM = 6994UTNUL3;
				ENABLE_PREVIEWS = YES;
				INFOPLIST_FILE = iOS/Info.plist;
				IPHONEOS_DEPLOYMENT_TARGET = 14.0;
				LD_RUNPATH_SEARCH_PATHS = (
					"$(inherited)",
					"@executable_path/Frameworks",
				);
				PRODUCT_BUNDLE_IDENTIFIER = CoookingApple.IOS;
				PRODUCT_NAME = IOS;
				SDKROOT = iphoneos;
				SWIFT_VERSION = 5.0;
				TARGETED_DEVICE_FAMILY = "1,2";
			};
			name = Debug;
		};
		1CC097AB2D7546CE00AA3E29 /* Release */ = {
			isa = XCBuildConfiguration;
			buildSettings = {
				ASSETCATALOG_COMPILER_APPICON_NAME = AppIcon;
				ASSETCATALOG_COMPILER_GLOBAL_ACCENT_COLOR_NAME = AccentColor;
				CODE_SIGN_STYLE = Automatic;
				DEVELOPMENT_TEAM = 6994UTNUL3;
				ENABLE_PREVIEWS = YES;
				INFOPLIST_FILE = iOS/Info.plist;
				IPHONEOS_DEPLOYMENT_TARGET = 14.0;
				LD_RUNPATH_SEARCH_PATHS = (
					"$(inherited)",
					"@executable_path/Frameworks",
				);
				PRODUCT_BUNDLE_IDENTIFIER = CoookingApple.IOS;
				PRODUCT_NAME = IOS;
				SDKROOT = iphoneos;
				SWIFT_VERSION = 5.0;
				TARGETED_DEVICE_FAMILY = "1,2";
				VALIDATE_PRODUCT = YES;
			};
			name = Release;
		};
		1CC097AD2D7546CE00AA3E29 /* Debug */ = {
			isa = XCBuildConfiguration;
			buildSettings = {
				ASSETCATALOG_COMPILER_APPICON_NAME = AppIcon;
				ASSETCATALOG_COMPILER_GLOBAL_ACCENT_COLOR_NAME = AccentColor;
				CODE_SIGN_ENTITLEMENTS = macOS/macOS.entitlements;
				CODE_SIGN_STYLE = Automatic;
				COMBINE_HIDPI_IMAGES = YES;
				DEVELOPMENT_TEAM = 6994UTNUL3;
				ENABLE_HARDENED_RUNTIME = YES;
				ENABLE_PREVIEWS = YES;
				INFOPLIST_FILE = macOS/Info.plist;
				LD_RUNPATH_SEARCH_PATHS = (
					"$(inherited)",
					"@executable_path/../Frameworks",
				);
				MACOSX_DEPLOYMENT_TARGET = 11.0;
				PRODUCT_BUNDLE_IDENTIFIER = CoookingApple.IOS;
				PRODUCT_NAME = IOS;
				SDKROOT = macosx;
				SWIFT_VERSION = 5.0;
			};
			name = Debug;
		};
		1CC097AE2D7546CE00AA3E29 /* Release */ = {
			isa = XCBuildConfiguration;
			buildSettings = {
				ASSETCATALOG_COMPILER_APPICON_NAME = AppIcon;
				ASSETCATALOG_COMPILER_GLOBAL_ACCENT_COLOR_NAME = AccentColor;
				CODE_SIGN_ENTITLEMENTS = macOS/macOS.entitlements;
				CODE_SIGN_STYLE = Automatic;
				COMBINE_HIDPI_IMAGES = YES;
				DEVELOPMENT_TEAM = 6994UTNUL3;
				ENABLE_HARDENED_RUNTIME = YES;
				ENABLE_PREVIEWS = YES;
				INFOPLIST_FILE = macOS/Info.plist;
				LD_RUNPATH_SEARCH_PATHS = (
					"$(inherited)",
					"@executable_path/../Frameworks",
				);
				MACOSX_DEPLOYMENT_TARGET = 11.0;
				PRODUCT_BUNDLE_IDENTIFIER = CoookingApple.IOS;
				PRODUCT_NAME = IOS;
				SDKROOT = macosx;
				SWIFT_VERSION = 5.0;
			};
			name = Release;
		};
		1CC097B02D7546CE00AA3E29 /* Debug */ = {
			isa = XCBuildConfiguration;
			buildSettings = {
				ALWAYS_EMBED_SWIFT_STANDARD_LIBRARIES = YES;
				CODE_SIGN_STYLE = Automatic;
				DEVELOPMENT_TEAM = 6994UTNUL3;
				INFOPLIST_FILE = "Tests iOS/Info.plist";
				IPHONEOS_DEPLOYMENT_TARGET = 14.4;
				LD_RUNPATH_SEARCH_PATHS = (
					"$(inherited)",
					"@executable_path/Frameworks",
					"@loader_path/Frameworks",
				);
				PRODUCT_BUNDLE_IDENTIFIER = "CoookingApple.Tests-iOS";
				PRODUCT_NAME = "$(TARGET_NAME)";
				SDKROOT = iphoneos;
				SWIFT_VERSION = 5.0;
				TARGETED_DEVICE_FAMILY = "1,2";
				TEST_TARGET_NAME = "IOS (iOS)";
			};
			name = Debug;
		};
		1CC097B12D7546CE00AA3E29 /* Release */ = {
			isa = XCBuildConfiguration;
			buildSettings = {
				ALWAYS_EMBED_SWIFT_STANDARD_LIBRARIES = YES;
				CODE_SIGN_STYLE = Automatic;
				DEVELOPMENT_TEAM = 6994UTNUL3;
				INFOPLIST_FILE = "Tests iOS/Info.plist";
				IPHONEOS_DEPLOYMENT_TARGET = 14.4;
				LD_RUNPATH_SEARCH_PATHS = (
					"$(inherited)",
					"@executable_path/Frameworks",
					"@loader_path/Frameworks",
				);
				PRODUCT_BUNDLE_IDENTIFIER = "CoookingApple.Tests-iOS";
				PRODUCT_NAME = "$(TARGET_NAME)";
				SDKROOT = iphoneos;
				SWIFT_VERSION = 5.0;
				TARGETED_DEVICE_FAMILY = "1,2";
				TEST_TARGET_NAME = "IOS (iOS)";
				VALIDATE_PRODUCT = YES;
			};
			name = Release;
		};
		1CC097B32D7546CE00AA3E29 /* Debug */ = {
			isa = XCBuildConfiguration;
			buildSettings = {
				ALWAYS_EMBED_SWIFT_STANDARD_LIBRARIES = YES;
				CODE_SIGN_STYLE = Automatic;
				COMBINE_HIDPI_IMAGES = YES;
				DEVELOPMENT_TEAM = 6994UTNUL3;
				INFOPLIST_FILE = "Tests macOS/Info.plist";
				LD_RUNPATH_SEARCH_PATHS = (
					"$(inherited)",
					"@executable_path/../Frameworks",
					"@loader_path/../Frameworks",
				);
				MACOSX_DEPLOYMENT_TARGET = 10.15;
				PRODUCT_BUNDLE_IDENTIFIER = "CoookingApple.Tests-macOS";
				PRODUCT_NAME = "$(TARGET_NAME)";
				SDKROOT = macosx;
				SWIFT_VERSION = 5.0;
				TEST_TARGET_NAME = "IOS (macOS)";
			};
			name = Debug;
		};
		1CC097B42D7546CE00AA3E29 /* Release */ = {
			isa = XCBuildConfiguration;
			buildSettings = {
				ALWAYS_EMBED_SWIFT_STANDARD_LIBRARIES = YES;
				CODE_SIGN_STYLE = Automatic;
				COMBINE_HIDPI_IMAGES = YES;
				DEVELOPMENT_TEAM = 6994UTNUL3;
				INFOPLIST_FILE = "Tests macOS/Info.plist";
				LD_RUNPATH_SEARCH_PATHS = (
					"$(inherited)",
					"@executable_path/../Frameworks",
					"@loader_path/../Frameworks",
				);
				MACOSX_DEPLOYMENT_TARGET = 10.15;
				PRODUCT_BUNDLE_IDENTIFIER = "CoookingApple.Tests-macOS";
				PRODUCT_NAME = "$(TARGET_NAME)";
				SDKROOT = macosx;
				SWIFT_VERSION = 5.0;
				TEST_TARGET_NAME = "IOS (macOS)";
			};
			name = Release;
		};
/* End XCBuildConfiguration section */

/* Begin XCConfigurationList section */
		1CC097762D7546CD00AA3E29 /* Build configuration list for PBXProject "IOS" */ = {
			isa = XCConfigurationList;
			buildConfigurations = (
				1CC097A72D7546CE00AA3E29 /* Debug */,
				1CC097A82D7546CE00AA3E29 /* Release */,
			);
			defaultConfigurationIsVisible = 0;
			defaultConfigurationName = Release;
		};
		1CC097A92D7546CE00AA3E29 /* Build configuration list for PBXNativeTarget "IOS (iOS)" */ = {
			isa = XCConfigurationList;
			buildConfigurations = (
				1CC097AA2D7546CE00AA3E29 /* Debug */,
				1CC097AB2D7546CE00AA3E29 /* Release */,
			);
			defaultConfigurationIsVisible = 0;
			defaultConfigurationName = Release;
		};
		1CC097AC2D7546CE00AA3E29 /* Build configuration list for PBXNativeTarget "IOS (macOS)" */ = {
			isa = XCConfigurationList;
			buildConfigurations = (
				1CC097AD2D7546CE00AA3E29 /* Debug */,
				1CC097AE2D7546CE00AA3E29 /* Release */,
			);
			defaultConfigurationIsVisible = 0;
			defaultConfigurationName = Release;
		};
		1CC097AF2D7546CE00AA3E29 /* Build configuration list for PBXNativeTarget "Tests iOS" */ = {
			isa = XCConfigurationList;
			buildConfigurations = (
				1CC097B02D7546CE00AA3E29 /* Debug */,
				1CC097B12D7546CE00AA3E29 /* Release */,
			);
			defaultConfigurationIsVisible = 0;
			defaultConfigurationName = Release;
		};
		1CC097B22D7546CE00AA3E29 /* Build configuration list for PBXNativeTarget "Tests macOS" */ = {
			isa = XCConfigurationList;
			buildConfigurations = (
				1CC097B32D7546CE00AA3E29 /* Debug */,
				1CC097B42D7546CE00AA3E29 /* Release */,
			);
			defaultConfigurationIsVisible = 0;
			defaultConfigurationName = Release;
		};
/* End XCConfigurationList section */
	};
	rootObject = 1CC097732D7546CD00AA3E29 /* Project object */;
}
